
Microsoft Visual Studio Solution File, Format Version 12.00
# Visual Studio Version 17
VisualStudioVersion = 17.12.35527.113
MinimumVisualStudioVersion = 10.0.40219.1
Project("{8BC9CEB8-8B4A-11D0-8D11-00A0C91BC942}") = "06_Fibonacci", "06_Fibonacci\06_Fibonacci.vcxproj", "{2CE9923E-64A5-4D05-A541-213D5DD5B1DB}"
EndProject
Project("{8BC9CEB8-8B4A-11D0-8D11-00A0C91BC942}") = "04_ArraySumInAssembly", "Arrays\Arrays.vcxproj", "{73B0CF0B-A7A0-42E2-8783-78112D041554}"
EndProject
Project("{8BC9CEB8-8B4A-11D0-8D11-00A0C91BC942}") = "01_AsmBasic", "AsmBasic\AsmBasic.vcxproj", "{E3CB8A7B-632F-4EA0-98EA-C8908616B4D5}"
EndProject
Project("{8BC9CEB8-8B4A-11D0-8D11-00A0C91BC942}") = "05_Beeper", "Beeper\Beeper.vcxproj", "{F6431543-B959-465B-A480-511F4E2F7C20}"
EndProject
Project("{8BC9CEB8-8B4A-11D0-8D11-00A0C91BC942}") = "Challenge_01", "Challenge_01\challenge_01.vcxproj", "{F9C6FC1E-7CC2-4EC1-9C05-B1F395400B06}"
EndProject
Project("{8BC9CEB8-8B4A-11D0-8D11-00A0C91BC942}") = "Challenge_02", "Challenge_02\challenge_02.vcxproj", "{A7D10346-7489-4A4E-A355-550C98465E13}"
EndProject
Project("{8BC9CEB8-8B4A-11D0-8D11-00A0C91BC942}") = "Challenge_03", "Challenge_03\Challenge_03.vcxproj", "{2244A59A-7137-4607-A15E-FB4F068A2CE4}"
EndProject
Project("{8BC9CEB8-8B4A-11D0-8D11-00A0C91BC942}") = "Challenge_04", "Challenge_04\Challenge_04.vcxproj", "{98F0E92C-4996-482A-BE65-B4EA18AAB543}"
EndProject
Project("{8BC9CEB8-8B4A-11D0-8D11-00A0C91BC942}") = "Challenge_05", "Challenge_05\Challenge_05.vcxproj", "{11255B7A-90FB-48B3-A3B6-D998700C871D}"
EndProject
Project("{8BC9CEB8-8B4A-11D0-8D11-00A0C91BC942}") = "02_CwithAssembly", "CwithAssembly\CwithAssembly.vcxproj", "{D377A6BD-C4CB-40B5-9278-B4EF78E27E8C}"
EndProject
Project("{8BC9CEB8-8B4A-11D0-8D11-00A0C91BC942}") = "03_x64 Calling Convention", "x64 Calling Convention\x64 Calling Convention.vcxproj", "{E9CFCEB9-014F-4C33-A2BA-1975C3989B53}"
EndProject
Project("{8BC9CEB8-8B4A-11D0-8D11-00A0C91BC942}") = "07_Sections", "07_Sections\07_Sections.vcxproj", "{8F0E8513-826F-4695-B147-9B034384B492}"
EndProject
Project("{8BC9CEB8-8B4A-11D0-8D11-00A0C91BC942}") = "08_LEA", "08_LEA\08_LEA.vcxproj", "{6F7F8C96-FBC9-4F5E-9A00-4287E95F89B2}"
EndProject
Global
	GlobalSection(SolutionConfigurationPlatforms) = preSolution
		Debug|x64 = Debug|x64
		Debug|x86 = Debug|x86
		Release|x64 = Release|x64
		Release|x86 = Release|x86
	EndGlobalSection
	GlobalSection(ProjectConfigurationPlatforms) = postSolution
		{2CE9923E-64A5-4D05-A541-213D5DD5B1DB}.Debug|x64.ActiveCfg = Debug|x64
		{2CE9923E-64A5-4D05-A541-213D5DD5B1DB}.Debug|x64.Build.0 = Debug|x64
		{2CE9923E-64A5-4D05-A541-213D5DD5B1DB}.Debug|x86.ActiveCfg = Debug|Win32
		{2CE9923E-64A5-4D05-A541-213D5DD5B1DB}.Debug|x86.Build.0 = Debug|Win32
		{2CE9923E-64A5-4D05-A541-213D5DD5B1DB}.Release|x64.ActiveCfg = Release|x64
		{2CE9923E-64A5-4D05-A541-213D5DD5B1DB}.Release|x64.Build.0 = Release|x64
		{2CE9923E-64A5-4D05-A541-213D5DD5B1DB}.Release|x86.ActiveCfg = Release|Win32
		{2CE9923E-64A5-4D05-A541-213D5DD5B1DB}.Release|x86.Build.0 = Release|Win32
		{73B0CF0B-A7A0-42E2-8783-78112D041554}.Debug|x64.ActiveCfg = Debug|x64
		{73B0CF0B-A7A0-42E2-8783-78112D041554}.Debug|x64.Build.0 = Debug|x64
		{73B0CF0B-A7A0-42E2-8783-78112D041554}.Debug|x86.ActiveCfg = Debug|Win32
		{73B0CF0B-A7A0-42E2-8783-78112D041554}.Debug|x86.Build.0 = Debug|Win32
		{73B0CF0B-A7A0-42E2-8783-78112D041554}.Release|x64.ActiveCfg = Release|x64
		{73B0CF0B-A7A0-42E2-8783-78112D041554}.Release|x64.Build.0 = Release|x64
		{73B0CF0B-A7A0-42E2-8783-78112D041554}.Release|x86.ActiveCfg = Release|Win32
		{73B0CF0B-A7A0-42E2-8783-78112D041554}.Release|x86.Build.0 = Release|Win32
		{E3CB8A7B-632F-4EA0-98EA-C8908616B4D5}.Debug|x64.ActiveCfg = Debug|x64
		{E3CB8A7B-632F-4EA0-98EA-C8908616B4D5}.Debug|x64.Build.0 = Debug|x64
		{E3CB8A7B-632F-4EA0-98EA-C8908616B4D5}.Debug|x86.ActiveCfg = Debug|Win32
		{E3CB8A7B-632F-4EA0-98EA-C8908616B4D5}.Debug|x86.Build.0 = Debug|Win32
		{E3CB8A7B-632F-4EA0-98EA-C8908616B4D5}.Release|x64.ActiveCfg = Release|x64
		{E3CB8A7B-632F-4EA0-98EA-C8908616B4D5}.Release|x64.Build.0 = Release|x64
		{E3CB8A7B-632F-4EA0-98EA-C8908616B4D5}.Release|x86.ActiveCfg = Release|Win32
		{E3CB8A7B-632F-4EA0-98EA-C8908616B4D5}.Release|x86.Build.0 = Release|Win32
		{F6431543-B959-465B-A480-511F4E2F7C20}.Debug|x64.ActiveCfg = Debug|x64
		{F6431543-B959-465B-A480-511F4E2F7C20}.Debug|x64.Build.0 = Debug|x64
		{F6431543-B959-465B-A480-511F4E2F7C20}.Debug|x86.ActiveCfg = Debug|Win32
		{F6431543-B959-465B-A480-511F4E2F7C20}.Debug|x86.Build.0 = Debug|Win32
		{F6431543-B959-465B-A480-511F4E2F7C20}.Release|x64.ActiveCfg = Release|x64
		{F6431543-B959-465B-A480-511F4E2F7C20}.Release|x64.Build.0 = Release|x64
		{F6431543-B959-465B-A480-511F4E2F7C20}.Release|x86.ActiveCfg = Release|Win32
		{F6431543-B959-465B-A480-511F4E2F7C20}.Release|x86.Build.0 = Release|Win32
		{F9C6FC1E-7CC2-4EC1-9C05-B1F395400B06}.Debug|x64.ActiveCfg = Debug|x64
		{F9C6FC1E-7CC2-4EC1-9C05-B1F395400B06}.Debug|x64.Build.0 = Debug|x64
		{F9C6FC1E-7CC2-4EC1-9C05-B1F395400B06}.Debug|x86.ActiveCfg = Debug|Win32
		{F9C6FC1E-7CC2-4EC1-9C05-B1F395400B06}.Debug|x86.Build.0 = Debug|Win32
		{F9C6FC1E-7CC2-4EC1-9C05-B1F395400B06}.Release|x64.ActiveCfg = Release|x64
		{F9C6FC1E-7CC2-4EC1-9C05-B1F395400B06}.Release|x64.Build.0 = Release|x64
		{F9C6FC1E-7CC2-4EC1-9C05-B1F395400B06}.Release|x86.ActiveCfg = Release|Win32
		{F9C6FC1E-7CC2-4EC1-9C05-B1F395400B06}.Release|x86.Build.0 = Release|Win32
		{A7D10346-7489-4A4E-A355-550C98465E13}.Debug|x64.ActiveCfg = Debug|x64
		{A7D10346-7489-4A4E-A355-550C98465E13}.Debug|x64.Build.0 = Debug|x64
		{A7D10346-7489-4A4E-A355-550C98465E13}.Debug|x86.ActiveCfg = Debug|Win32
		{A7D10346-7489-4A4E-A355-550C98465E13}.Debug|x86.Build.0 = Debug|Win32
		{A7D10346-7489-4A4E-A355-550C98465E13}.Release|x64.ActiveCfg = Release|x64
		{A7D10346-7489-4A4E-A355-550C98465E13}.Release|x64.Build.0 = Release|x64
		{A7D10346-7489-4A4E-A355-550C98465E13}.Release|x86.ActiveCfg = Release|Win32
		{A7D10346-7489-4A4E-A355-550C98465E13}.Release|x86.Build.0 = Release|Win32
		{2244A59A-7137-4607-A15E-FB4F068A2CE4}.Debug|x64.ActiveCfg = Debug|x64
		{2244A59A-7137-4607-A15E-FB4F068A2CE4}.Debug|x64.Build.0 = Debug|x64
		{2244A59A-7137-4607-A15E-FB4F068A2CE4}.Debug|x86.ActiveCfg = Debug|Win32
		{2244A59A-7137-4607-A15E-FB4F068A2CE4}.Debug|x86.Build.0 = Debug|Win32
		{2244A59A-7137-4607-A15E-FB4F068A2CE4}.Release|x64.ActiveCfg = Release|x64
		{2244A59A-7137-4607-A15E-FB4F068A2CE4}.Release|x64.Build.0 = Release|x64
		{2244A59A-7137-4607-A15E-FB4F068A2CE4}.Release|x86.ActiveCfg = Release|Win32
		{2244A59A-7137-4607-A15E-FB4F068A2CE4}.Release|x86.Build.0 = Release|Win32
		{98F0E92C-4996-482A-BE65-B4EA18AAB543}.Debug|x64.ActiveCfg = Debug|x64
		{98F0E92C-4996-482A-BE65-B4EA18AAB543}.Debug|x64.Build.0 = Debug|x64
		{98F0E92C-4996-482A-BE65-B4EA18AAB543}.Debug|x86.ActiveCfg = Debug|Win32
		{98F0E92C-4996-482A-BE65-B4EA18AAB543}.Debug|x86.Build.0 = Debug|Win32
		{98F0E92C-4996-482A-BE65-B4EA18AAB543}.Release|x64.ActiveCfg = Release|x64
		{98F0E92C-4996-482A-BE65-B4EA18AAB543}.Release|x64.Build.0 = Release|x64
		{98F0E92C-4996-482A-BE65-B4EA18AAB543}.Release|x86.ActiveCfg = Release|Win32
		{98F0E92C-4996-482A-BE65-B4EA18AAB543}.Release|x86.Build.0 = Release|Win32
		{11255B7A-90FB-48B3-A3B6-D998700C871D}.Debug|x64.ActiveCfg = Debug|x64
		{11255B7A-90FB-48B3-A3B6-D998700C871D}.Debug|x64.Build.0 = Debug|x64
		{11255B7A-90FB-48B3-A3B6-D998700C871D}.Debug|x86.ActiveCfg = Debug|Win32
		{11255B7A-90FB-48B3-A3B6-D998700C871D}.Debug|x86.Build.0 = Debug|Win32
		{11255B7A-90FB-48B3-A3B6-D998700C871D}.Release|x64.ActiveCfg = Release|x64
		{11255B7A-90FB-48B3-A3B6-D998700C871D}.Release|x64.Build.0 = Release|x64
		{11255B7A-90FB-48B3-A3B6-D998700C871D}.Release|x86.ActiveCfg = Release|Win32
		{11255B7A-90FB-48B3-A3B6-D998700C871D}.Release|x86.Build.0 = Release|Win32
		{D377A6BD-C4CB-40B5-9278-B4EF78E27E8C}.Debug|x64.ActiveCfg = Debug|x64
		{D377A6BD-C4CB-40B5-9278-B4EF78E27E8C}.Debug|x64.Build.0 = Debug|x64
		{D377A6BD-C4CB-40B5-9278-B4EF78E27E8C}.Debug|x86.ActiveCfg = Debug|Win32
		{D377A6BD-C4CB-40B5-9278-B4EF78E27E8C}.Debug|x86.Build.0 = Debug|Win32
		{D377A6BD-C4CB-40B5-9278-B4EF78E27E8C}.Release|x64.ActiveCfg = Release|x64
		{D377A6BD-C4CB-40B5-9278-B4EF78E27E8C}.Release|x64.Build.0 = Release|x64
		{D377A6BD-C4CB-40B5-9278-B4EF78E27E8C}.Release|x86.ActiveCfg = Release|Win32
		{D377A6BD-C4CB-40B5-9278-B4EF78E27E8C}.Release|x86.Build.0 = Release|Win32
		{E9CFCEB9-014F-4C33-A2BA-1975C3989B53}.Debug|x64.ActiveCfg = Debug|x64
		{E9CFCEB9-014F-4C33-A2BA-1975C3989B53}.Debug|x64.Build.0 = Debug|x64
		{E9CFCEB9-014F-4C33-A2BA-1975C3989B53}.Debug|x86.ActiveCfg = Debug|Win32
		{E9CFCEB9-014F-4C33-A2BA-1975C3989B53}.Debug|x86.Build.0 = Debug|Win32
		{E9CFCEB9-014F-4C33-A2BA-1975C3989B53}.Release|x64.ActiveCfg = Release|x64
		{E9CFCEB9-014F-4C33-A2BA-1975C3989B53}.Release|x64.Build.0 = Release|x64
		{E9CFCEB9-014F-4C33-A2BA-1975C3989B53}.Release|x86.ActiveCfg = Release|Win32
		{E9CFCEB9-014F-4C33-A2BA-1975C3989B53}.Release|x86.Build.0 = Release|Win32
		{8F0E8513-826F-4695-B147-9B034384B492}.Debug|x64.ActiveCfg = Debug|x64
		{8F0E8513-826F-4695-B147-9B034384B492}.Debug|x64.Build.0 = Debug|x64
		{8F0E8513-826F-4695-B147-9B034384B492}.Debug|x86.ActiveCfg = Debug|Win32
		{8F0E8513-826F-4695-B147-9B034384B492}.Debug|x86.Build.0 = Debug|Win32
		{8F0E8513-826F-4695-B147-9B034384B492}.Release|x64.ActiveCfg = Release|x64
		{8F0E8513-826F-4695-B147-9B034384B492}.Release|x64.Build.0 = Release|x64
		{8F0E8513-826F-4695-B147-9B034384B492}.Release|x86.ActiveCfg = Release|Win32
		{8F0E8513-826F-4695-B147-9B034384B492}.Release|x86.Build.0 = Release|Win32
		{6F7F8C96-FBC9-4F5E-9A00-4287E95F89B2}.Debug|x64.ActiveCfg = Debug|x64
		{6F7F8C96-FBC9-4F5E-9A00-4287E95F89B2}.Debug|x64.Build.0 = Debug|x64
		{6F7F8C96-FBC9-4F5E-9A00-4287E95F89B2}.Debug|x86.ActiveCfg = Debug|Win32
		{6F7F8C96-FBC9-4F5E-9A00-4287E95F89B2}.Debug|x86.Build.0 = Debug|Win32
		{6F7F8C96-FBC9-4F5E-9A00-4287E95F89B2}.Release|x64.ActiveCfg = Release|x64
		{6F7F8C96-FBC9-4F5E-9A00-4287E95F89B2}.Release|x64.Build.0 = Release|x64
		{6F7F8C96-FBC9-4F5E-9A00-4287E95F89B2}.Release|x86.ActiveCfg = Release|Win32
		{6F7F8C96-FBC9-4F5E-9A00-4287E95F89B2}.Release|x86.Build.0 = Release|Win32
	EndGlobalSection
	GlobalSection(SolutionProperties) = preSolution
		HideSolutionNode = FALSE
	EndGlobalSection
EndGlobal
